{
    "_readme": [
        "This file locks the dependencies of your project to a known state",
        "Read more about it at https://getcomposer.org/doc/01-basic-usage.md#composer-lock-the-lock-file",
        "This file is @generated automatically"
    ],
    "hash": "c805de890f8b16ae1afcd76a43bfd912",
    "packages": [
        {
            "name": "s3b4stian/leviu",
            "version": "v0.1.1",
            "source": {
                "type": "git",
                "url": "https://github.com/s3b4stian/framework.git",
                "reference": "c5b1496a0bd4db49cbbdb46d87138d41e9f8b915"
            },
            "dist": {
                "type": "zip",
                "url": "https://api.github.com/repos/s3b4stian/framework/zipball/c5b1496a0bd4db49cbbdb46d87138d41e9f8b915",
                "reference": "c5b1496a0bd4db49cbbdb46d87138d41e9f8b915",
                "shasum": ""
            },
            "require": {
                "php": ">=5.5.0"
            },
            "type": "library",
            "autoload": {
                "psr-4": {
                    "Leviu\\": "src/Leviu/"
                }
            },
            "notification-url": "https://packagist.org/downloads/",
            "license": [
                "MIT"
            ],
            "authors": [
                {
                    "name": "Sebastian Rapetti",
                    "email": "sebastian.rapetti@alice.it"
                }
            ],
            "description": "Leviu Framework",
            "keywords": [
                "framework"
            ],
            "time": "2015-08-27 21:43:57"
        }
    ],
    "packages-dev": [],
    "aliases": [],
    "minimum-stability": "stable",
    "stability-flags": [],
    "prefer-stable": false,
    "prefer-lowest": false,
    "platform": {
        "php": ">=5.5.0"
    },
    "platform-dev": []
}
