{
    "_readme": [
        "This file locks the dependencies of your project to a known state",
        "Read more about it at https://getcomposer.org/doc/01-basic-usage.md#composer-lock-the-lock-file",
        "This file is @generated automatically"
    ],
    "hash": "822a82e3266cf68c23d040f1f5410447",
    "packages": [],
    "packages-dev": [
        {
            "name": "s3b4stian/leviu",
            "version": "dev-master",
            "source": {
                "type": "git",
                "url": "https://github.com/s3b4stian/framework.git",
                "reference": "c10b9d9075258c4b46fad1dece926e7bf790a9bc"
            },
            "dist": {
                "type": "zip",
                "url": "https://api.github.com/repos/s3b4stian/framework/zipball/c10b9d9075258c4b46fad1dece926e7bf790a9bc",
                "reference": "c10b9d9075258c4b46fad1dece926e7bf790a9bc",
                "shasum": ""
            },
            "require": {
                "php": ">=5.5.0"
            },
            "type": "library",
            "autoload": {
                "psr-4": {
                    "Leviu\\": "src/Leviu/"
                }
            },
            "notification-url": "https://packagist.org/downloads/",
            "license": [
                "MIT"
            ],
            "authors": [
                {
                    "name": "Sebastian Rapetti",
                    "email": "sebastian.rapetti@alice.it"
                }
            ],
            "description": "Leviu Framework",
            "keywords": [
                "framework"
            ],
            "time": "2015-08-23 11:11:06"
        }
    ],
    "aliases": [],
    "minimum-stability": "stable",
    "stability-flags": {
        "s3b4stian/leviu": 20
    },
    "prefer-stable": false,
    "prefer-lowest": false,
    "platform": {
        "php": ">=5.5.0"
    },
    "platform-dev": []
}
